
Microsoft Visual Studio Solution File, Format Version 12.00
# Visual Studio Version 17
VisualStudioVersion = 17.9.34902.65
MinimumVisualStudioVersion = 10.0.40219.1
Project("{FAE04EC0-301F-11D3-BF4B-00C04F79EFBC}") = "Ruoka-annos generaattori", "Ruoka-annos generaattori.csproj", "{48FF3AE7-CD10-4C14-AAFF-A044D7D0EBA6}"
EndProject
Global
	GlobalSection(SolutionConfigurationPlatforms) = preSolution
		Debug|Any CPU = Debug|Any CPU
		Release|Any CPU = Release|Any CPU
	EndGlobalSection
	GlobalSection(ProjectConfigurationPlatforms) = postSolution
		{48FF3AE7-CD10-4C14-AAFF-A044D7D0EBA6}.Debug|Any CPU.ActiveCfg = Debug|Any CPU
		{48FF3AE7-CD10-4C14-AAFF-A044D7D0EBA6}.Debug|Any CPU.Build.0 = Debug|Any CPU
		{48FF3AE7-CD10-4C14-AAFF-A044D7D0EBA6}.Release|Any CPU.ActiveCfg = Release|Any CPU
		{48FF3AE7-CD10-4C14-AAFF-A044D7D0EBA6}.Release|Any CPU.Build.0 = Release|Any CPU
	EndGlobalSection
	GlobalSection(SolutionProperties) = preSolution
		HideSolutionNode = FALSE
	EndGlobalSection
	GlobalSection(ExtensibilityGlobals) = postSolution
		SolutionGuid = {6E4D27BA-604A-4206-9138-A0519574783E}
	EndGlobalSection
EndGlobal
